
Microsoft Visual Studio Solution File, Format Version 12.00
# Visual Studio Version 17
VisualStudioVersion = 17.0.32112.339
MinimumVisualStudioVersion = 10.0.40219.1
Project("{FAE04EC0-301F-11D3-BF4B-00C04F79EFBC}") = "NewEgg Web Scraper", "NewEgg Web Scraper\NewEgg Web Scraper.csproj", "{B4349546-4995-4B67-BCE3-F529679161D1}"
EndProject
Global
	GlobalSection(SolutionConfigurationPlatforms) = preSolution
		Debug|Any CPU = Debug|Any CPU
		Release|Any CPU = Release|Any CPU
	EndGlobalSection
	GlobalSection(ProjectConfigurationPlatforms) = postSolution
		{B4349546-4995-4B67-BCE3-F529679161D1}.Debug|Any CPU.ActiveCfg = Debug|Any CPU
		{B4349546-4995-4B67-BCE3-F529679161D1}.Debug|Any CPU.Build.0 = Debug|Any CPU
		{B4349546-4995-4B67-BCE3-F529679161D1}.Release|Any CPU.ActiveCfg = Release|Any CPU
		{B4349546-4995-4B67-BCE3-F529679161D1}.Release|Any CPU.Build.0 = Release|Any CPU
	EndGlobalSection
	GlobalSection(SolutionProperties) = preSolution
		HideSolutionNode = FALSE
	EndGlobalSection
	GlobalSection(ExtensibilityGlobals) = postSolution
		SolutionGuid = {BC1EC889-0F66-4C4E-8CC1-22AD2F4C1D37}
	EndGlobalSection
EndGlobal
